[[package]]
name = "some-dependency"
version = "1.1.0"
description = "an empty python package to be used as a dummy dependency"
category = "main"
optional = false
python-versions = ">=3.8,<3.9"

[package.source]
type = "legacy"
url = "https://christopherfrieler.github.io/renovate-issue-12003"
reference = "my-package-index"

[metadata]
lock-version = "1.1"
python-versions = "~3.8"
content-hash = "b1d043f559720f5c35bb29538c52b6dcff8a1f02cc406aa3d069edd280743fad"

[metadata.files]
some-dependency = []
